
Microsoft Visual Studio Solution File, Format Version 12.00
# Visual Studio 15
VisualStudioVersion = 15.0.26124.0
MinimumVisualStudioVersion = 15.0.26124.0
Project("{FAE04EC0-301F-11D3-BF4B-00C04F79EFBC}") = "Exercise1", "Exercise1\Exercise1.csproj", "{A73D1510-7469-4234-8FAC-EE5A5A0E587C}"
EndProject
Project("{FAE04EC0-301F-11D3-BF4B-00C04F79EFBC}") = "Exercise2", "Exercise2\Exercise2.csproj", "{D264FF12-BCBD-48EB-912B-972F734051CD}"
EndProject
Project("{FAE04EC0-301F-11D3-BF4B-00C04F79EFBC}") = "Exercise3", "Exercise3\Exercise3.csproj", "{9F1D309D-0795-4F72-9475-8129BAA9725C}"
EndProject
Project("{FAE04EC0-301F-11D3-BF4B-00C04F79EFBC}") = "Exercise4", "Exercise4\Exercise4.csproj", "{15A4FCC2-95F4-4552-B3C1-E8B3C60801DE}"
EndProject
Global
	GlobalSection(SolutionConfigurationPlatforms) = preSolution
		Debug|Any CPU = Debug|Any CPU
		Debug|x64 = Debug|x64
		Debug|x86 = Debug|x86
		Release|Any CPU = Release|Any CPU
		Release|x64 = Release|x64
		Release|x86 = Release|x86
	EndGlobalSection
	GlobalSection(SolutionProperties) = preSolution
		HideSolutionNode = FALSE
	EndGlobalSection
	GlobalSection(ProjectConfigurationPlatforms) = postSolution
		{A73D1510-7469-4234-8FAC-EE5A5A0E587C}.Debug|Any CPU.ActiveCfg = Debug|Any CPU
		{A73D1510-7469-4234-8FAC-EE5A5A0E587C}.Debug|Any CPU.Build.0 = Debug|Any CPU
		{A73D1510-7469-4234-8FAC-EE5A5A0E587C}.Debug|x64.ActiveCfg = Debug|Any CPU
		{A73D1510-7469-4234-8FAC-EE5A5A0E587C}.Debug|x64.Build.0 = Debug|Any CPU
		{A73D1510-7469-4234-8FAC-EE5A5A0E587C}.Debug|x86.ActiveCfg = Debug|Any CPU
		{A73D1510-7469-4234-8FAC-EE5A5A0E587C}.Debug|x86.Build.0 = Debug|Any CPU
		{A73D1510-7469-4234-8FAC-EE5A5A0E587C}.Release|Any CPU.ActiveCfg = Release|Any CPU
		{A73D1510-7469-4234-8FAC-EE5A5A0E587C}.Release|Any CPU.Build.0 = Release|Any CPU
		{A73D1510-7469-4234-8FAC-EE5A5A0E587C}.Release|x64.ActiveCfg = Release|Any CPU
		{A73D1510-7469-4234-8FAC-EE5A5A0E587C}.Release|x64.Build.0 = Release|Any CPU
		{A73D1510-7469-4234-8FAC-EE5A5A0E587C}.Release|x86.ActiveCfg = Release|Any CPU
		{A73D1510-7469-4234-8FAC-EE5A5A0E587C}.Release|x86.Build.0 = Release|Any CPU
		{D264FF12-BCBD-48EB-912B-972F734051CD}.Debug|Any CPU.ActiveCfg = Debug|Any CPU
		{D264FF12-BCBD-48EB-912B-972F734051CD}.Debug|Any CPU.Build.0 = Debug|Any CPU
		{D264FF12-BCBD-48EB-912B-972F734051CD}.Debug|x64.ActiveCfg = Debug|Any CPU
		{D264FF12-BCBD-48EB-912B-972F734051CD}.Debug|x64.Build.0 = Debug|Any CPU
		{D264FF12-BCBD-48EB-912B-972F734051CD}.Debug|x86.ActiveCfg = Debug|Any CPU
		{D264FF12-BCBD-48EB-912B-972F734051CD}.Debug|x86.Build.0 = Debug|Any CPU
		{D264FF12-BCBD-48EB-912B-972F734051CD}.Release|Any CPU.ActiveCfg = Release|Any CPU
		{D264FF12-BCBD-48EB-912B-972F734051CD}.Release|Any CPU.Build.0 = Release|Any CPU
		{D264FF12-BCBD-48EB-912B-972F734051CD}.Release|x64.ActiveCfg = Release|Any CPU
		{D264FF12-BCBD-48EB-912B-972F734051CD}.Release|x64.Build.0 = Release|Any CPU
		{D264FF12-BCBD-48EB-912B-972F734051CD}.Release|x86.ActiveCfg = Release|Any CPU
		{D264FF12-BCBD-48EB-912B-972F734051CD}.Release|x86.Build.0 = Release|Any CPU
		{9F1D309D-0795-4F72-9475-8129BAA9725C}.Debug|Any CPU.ActiveCfg = Debug|Any CPU
		{9F1D309D-0795-4F72-9475-8129BAA9725C}.Debug|Any CPU.Build.0 = Debug|Any CPU
		{9F1D309D-0795-4F72-9475-8129BAA9725C}.Debug|x64.ActiveCfg = Debug|Any CPU
		{9F1D309D-0795-4F72-9475-8129BAA9725C}.Debug|x64.Build.0 = Debug|Any CPU
		{9F1D309D-0795-4F72-9475-8129BAA9725C}.Debug|x86.ActiveCfg = Debug|Any CPU
		{9F1D309D-0795-4F72-9475-8129BAA9725C}.Debug|x86.Build.0 = Debug|Any CPU
		{9F1D309D-0795-4F72-9475-8129BAA9725C}.Release|Any CPU.ActiveCfg = Release|Any CPU
		{9F1D309D-0795-4F72-9475-8129BAA9725C}.Release|Any CPU.Build.0 = Release|Any CPU
		{9F1D309D-0795-4F72-9475-8129BAA9725C}.Release|x64.ActiveCfg = Release|Any CPU
		{9F1D309D-0795-4F72-9475-8129BAA9725C}.Release|x64.Build.0 = Release|Any CPU
		{9F1D309D-0795-4F72-9475-8129BAA9725C}.Release|x86.ActiveCfg = Release|Any CPU
		{9F1D309D-0795-4F72-9475-8129BAA9725C}.Release|x86.Build.0 = Release|Any CPU
		{15A4FCC2-95F4-4552-B3C1-E8B3C60801DE}.Debug|Any CPU.ActiveCfg = Debug|Any CPU
		{15A4FCC2-95F4-4552-B3C1-E8B3C60801DE}.Debug|Any CPU.Build.0 = Debug|Any CPU
		{15A4FCC2-95F4-4552-B3C1-E8B3C60801DE}.Debug|x64.ActiveCfg = Debug|Any CPU
		{15A4FCC2-95F4-4552-B3C1-E8B3C60801DE}.Debug|x64.Build.0 = Debug|Any CPU
		{15A4FCC2-95F4-4552-B3C1-E8B3C60801DE}.Debug|x86.ActiveCfg = Debug|Any CPU
		{15A4FCC2-95F4-4552-B3C1-E8B3C60801DE}.Debug|x86.Build.0 = Debug|Any CPU
		{15A4FCC2-95F4-4552-B3C1-E8B3C60801DE}.Release|Any CPU.ActiveCfg = Release|Any CPU
		{15A4FCC2-95F4-4552-B3C1-E8B3C60801DE}.Release|Any CPU.Build.0 = Release|Any CPU
		{15A4FCC2-95F4-4552-B3C1-E8B3C60801DE}.Release|x64.ActiveCfg = Release|Any CPU
		{15A4FCC2-95F4-4552-B3C1-E8B3C60801DE}.Release|x64.Build.0 = Release|Any CPU
		{15A4FCC2-95F4-4552-B3C1-E8B3C60801DE}.Release|x86.ActiveCfg = Release|Any CPU
		{15A4FCC2-95F4-4552-B3C1-E8B3C60801DE}.Release|x86.Build.0 = Release|Any CPU
	EndGlobalSection
EndGlobal
